
Microsoft Visual Studio Solution File, Format Version 12.00
# Visual Studio 2012
Project("{FAE04EC0-301F-11D3-BF4B-00C04F79EFBC}") = "XboxLeadersNETWrapper", "XboxLeadersNETWrapper\XboxLeadersNETWrapper.csproj", "{5C8EF2AD-5DE5-4FE6-94D9-251A8D8C84E1}"
EndProject
Project("{FAE04EC0-301F-11D3-BF4B-00C04F79EFBC}") = "SampleUsage", "SampleUsage\SampleUsage.csproj", "{89C3E3AE-FB4A-46CC-AA9E-29DDBA01B288}"
EndProject
Global
	GlobalSection(SolutionConfigurationPlatforms) = preSolution
		Debug|Any CPU = Debug|Any CPU
		Release|Any CPU = Release|Any CPU
	EndGlobalSection
	GlobalSection(ProjectConfigurationPlatforms) = postSolution
		{5C8EF2AD-5DE5-4FE6-94D9-251A8D8C84E1}.Debug|Any CPU.ActiveCfg = Debug|Any CPU
		{5C8EF2AD-5DE5-4FE6-94D9-251A8D8C84E1}.Debug|Any CPU.Build.0 = Debug|Any CPU
		{5C8EF2AD-5DE5-4FE6-94D9-251A8D8C84E1}.Release|Any CPU.ActiveCfg = Release|Any CPU
		{5C8EF2AD-5DE5-4FE6-94D9-251A8D8C84E1}.Release|Any CPU.Build.0 = Release|Any CPU
		{89C3E3AE-FB4A-46CC-AA9E-29DDBA01B288}.Debug|Any CPU.ActiveCfg = Debug|Any CPU
		{89C3E3AE-FB4A-46CC-AA9E-29DDBA01B288}.Debug|Any CPU.Build.0 = Debug|Any CPU
		{89C3E3AE-FB4A-46CC-AA9E-29DDBA01B288}.Release|Any CPU.ActiveCfg = Release|Any CPU
		{89C3E3AE-FB4A-46CC-AA9E-29DDBA01B288}.Release|Any CPU.Build.0 = Release|Any CPU
	EndGlobalSection
	GlobalSection(SolutionProperties) = preSolution
		HideSolutionNode = FALSE
	EndGlobalSection
EndGlobal
